
Microsoft Visual Studio Solution File, Format Version 12.00
# Visual Studio 15
VisualStudioVersion = 15.0.28307.489
MinimumVisualStudioVersion = 10.0.40219.1
Project("{FAE04EC0-301F-11D3-BF4B-00C04F79EFBC}") = "vitaDiet", "..\source\repos\vitaDiet\vitaDiet\vitaDiet.csproj", "{2CCC5EFC-9E1B-4E1B-A90F-2C5B33AD4DC9}"
EndProject
Global
	GlobalSection(SolutionConfigurationPlatforms) = preSolution
		Debug|Any CPU = Debug|Any CPU
		Release|Any CPU = Release|Any CPU
	EndGlobalSection
	GlobalSection(ProjectConfigurationPlatforms) = postSolution
		{2CCC5EFC-9E1B-4E1B-A90F-2C5B33AD4DC9}.Debug|Any CPU.ActiveCfg = Debug|Any CPU
		{2CCC5EFC-9E1B-4E1B-A90F-2C5B33AD4DC9}.Debug|Any CPU.Build.0 = Debug|Any CPU
		{2CCC5EFC-9E1B-4E1B-A90F-2C5B33AD4DC9}.Release|Any CPU.ActiveCfg = Release|Any CPU
		{2CCC5EFC-9E1B-4E1B-A90F-2C5B33AD4DC9}.Release|Any CPU.Build.0 = Release|Any CPU
	EndGlobalSection
	GlobalSection(SolutionProperties) = preSolution
		HideSolutionNode = FALSE
	EndGlobalSection
	GlobalSection(ExtensibilityGlobals) = postSolution
		SolutionGuid = {ABE34D0A-6351-4F6D-8D82-782BD1695A78}
	EndGlobalSection
EndGlobal
